
Microsoft Visual Studio Solution File, Format Version 12.00
# Visual Studio 15
VisualStudioVersion = 15.0.28010.2016
MinimumVisualStudioVersion = 10.0.40219.1
Project("{FAE04EC0-301F-11D3-BF4B-00C04F79EFBC}") = "git-test", "git-test\git-test.csproj", "{B913280F-C668-4E43-A9E1-6265DE110871}"
EndProject
Global
	GlobalSection(SolutionConfigurationPlatforms) = preSolution
		Debug|Any CPU = Debug|Any CPU
		Release|Any CPU = Release|Any CPU
	EndGlobalSection
	GlobalSection(ProjectConfigurationPlatforms) = postSolution
		{B913280F-C668-4E43-A9E1-6265DE110871}.Debug|Any CPU.ActiveCfg = Debug|Any CPU
		{B913280F-C668-4E43-A9E1-6265DE110871}.Debug|Any CPU.Build.0 = Debug|Any CPU
		{B913280F-C668-4E43-A9E1-6265DE110871}.Release|Any CPU.ActiveCfg = Release|Any CPU
		{B913280F-C668-4E43-A9E1-6265DE110871}.Release|Any CPU.Build.0 = Release|Any CPU
	EndGlobalSection
	GlobalSection(SolutionProperties) = preSolution
		HideSolutionNode = FALSE
	EndGlobalSection
	GlobalSection(ExtensibilityGlobals) = postSolution
		SolutionGuid = {97B17BB7-54E7-4DF0-9734-B4DC6E8B1239}
	EndGlobalSection
EndGlobal
